
Microsoft Visual Studio Solution File, Format Version 12.00
# Visual Studio Version 17
VisualStudioVersion = 17.9.34728.123
MinimumVisualStudioVersion = 10.0.40219.1
Project("{FAE04EC0-301F-11D3-BF4B-00C04F79EFBC}") = "img_upload_download", "img_upload_download\img_upload_download.csproj", "{D1983529-0473-4C2E-AA04-3A0072BDE678}"
EndProject
Global
	GlobalSection(SolutionConfigurationPlatforms) = preSolution
		Debug|Any CPU = Debug|Any CPU
		Release|Any CPU = Release|Any CPU
	EndGlobalSection
	GlobalSection(ProjectConfigurationPlatforms) = postSolution
		{D1983529-0473-4C2E-AA04-3A0072BDE678}.Debug|Any CPU.ActiveCfg = Debug|Any CPU
		{D1983529-0473-4C2E-AA04-3A0072BDE678}.Debug|Any CPU.Build.0 = Debug|Any CPU
		{D1983529-0473-4C2E-AA04-3A0072BDE678}.Release|Any CPU.ActiveCfg = Release|Any CPU
		{D1983529-0473-4C2E-AA04-3A0072BDE678}.Release|Any CPU.Build.0 = Release|Any CPU
	EndGlobalSection
	GlobalSection(SolutionProperties) = preSolution
		HideSolutionNode = FALSE
	EndGlobalSection
	GlobalSection(ExtensibilityGlobals) = postSolution
		SolutionGuid = {73B71B9D-55BF-4274-BF86-8D3FEA958EBE}
	EndGlobalSection
EndGlobal
